
Microsoft Visual Studio Solution File, Format Version 12.00
# Visual Studio Version 17
VisualStudioVersion = 17.1.32407.343
MinimumVisualStudioVersion = 10.0.40219.1
Project("{9A19103F-16F7-4668-BE54-9A1E7A4F7556}") = "Main", "Main\Main.csproj", "{EFC63321-9E4F-488C-8583-DC950EBF38D7}"
EndProject
Project("{2150E333-8FDC-42A3-9474-1A3956D46DE8}") = "Demo", "Demo", "{469B0444-7795-4C86-A315-39322EE71CE2}"
EndProject
Project("{9A19103F-16F7-4668-BE54-9A1E7A4F7556}") = "Demo.Web", "Demo\Demo.Web\Demo.Web.csproj", "{19B8532D-AF56-46FC-86D6-05A4D93C1B7B}"
EndProject
Project("{2150E333-8FDC-42A3-9474-1A3956D46DE8}") = "Employment", "Employment", "{E30CB37E-EADF-4FA5-A53A-D67406591692}"
EndProject
Project("{9A19103F-16F7-4668-BE54-9A1E7A4F7556}") = "Employment.Web", "Employment\Employment.Web\Employment.Web.csproj", "{05A46BE6-A86C-4B2D-97AE-987207F0633D}"
EndProject
Project("{2150E333-8FDC-42A3-9474-1A3956D46DE8}") = "Engine", "Engine", "{E0EE1582-7A21-4FBF-B8DB-715BC9A40C1E}"
EndProject
Project("{9A19103F-16F7-4668-BE54-9A1E7A4F7556}") = "Demo.Model", "Demo\Demo.Model\Demo.Model.csproj", "{02C824DE-C0DE-43DA-A28A-39998AF25A0B}"
EndProject
Project("{9A19103F-16F7-4668-BE54-9A1E7A4F7556}") = "Demo.Service", "Demo\Demo.Service\Demo.Service.csproj", "{8CCD11A6-38BF-4683-9CE1-D5FD6814621E}"
EndProject
Project("{9A19103F-16F7-4668-BE54-9A1E7A4F7556}") = "Engine.Web", "Engine\Engine.Web\Engine.Web.csproj", "{2ECB27F7-11E3-4381-AC3B-8B2E2D0A8F5A}"
EndProject
Project("{9A19103F-16F7-4668-BE54-9A1E7A4F7556}") = "Engine.Model", "Engine\Engine.Model\Engine.Model.csproj", "{30994B31-AE70-4CD9-8E84-ECDEA3AEE1F5}"
EndProject
Project("{9A19103F-16F7-4668-BE54-9A1E7A4F7556}") = "Engine.Service", "Engine\Engine.Service\Engine.Service.csproj", "{44F56268-522C-40CB-91A3-687CE7D91E65}"
EndProject
Project("{9A19103F-16F7-4668-BE54-9A1E7A4F7556}") = "Employment.Model", "Employment\Employment.Model\Employment.Model.csproj", "{FD7EF48D-420B-4BCF-8ED1-F65A39552DC7}"
EndProject
Project("{9A19103F-16F7-4668-BE54-9A1E7A4F7556}") = "Employment.Service", "Employment\Employment.Service\Employment.Service.csproj", "{B11B94B7-8F50-4F43-905D-ED5A84C4AFD1}"
EndProject
Project("{9A19103F-16F7-4668-BE54-9A1E7A4F7556}") = "Caspian.common", "Caspian.common\Caspian.common.csproj", "{94C3373E-5F00-436E-9AAB-CF221D35CE4C}"
EndProject
Project("{9A19103F-16F7-4668-BE54-9A1E7A4F7556}") = "UIComponent", "UIComponent\UIComponent.csproj", "{269C0CD5-CB56-421C-B88D-C4B2368AB838}"
EndProject
Project("{9A19103F-16F7-4668-BE54-9A1E7A4F7556}") = "Shared.Component.UI", "Shared.Component.UI\Shared.Component.UI.csproj", "{BFE5FD6A-1D19-4545-96F4-3D2E3E2DC607}"
EndProject
Global
	GlobalSection(SolutionConfigurationPlatforms) = preSolution
		Debug|Any CPU = Debug|Any CPU
		Release|Any CPU = Release|Any CPU
	EndGlobalSection
	GlobalSection(ProjectConfigurationPlatforms) = postSolution
		{EFC63321-9E4F-488C-8583-DC950EBF38D7}.Debug|Any CPU.ActiveCfg = Debug|Any CPU
		{EFC63321-9E4F-488C-8583-DC950EBF38D7}.Debug|Any CPU.Build.0 = Debug|Any CPU
		{EFC63321-9E4F-488C-8583-DC950EBF38D7}.Release|Any CPU.ActiveCfg = Release|Any CPU
		{EFC63321-9E4F-488C-8583-DC950EBF38D7}.Release|Any CPU.Build.0 = Release|Any CPU
		{19B8532D-AF56-46FC-86D6-05A4D93C1B7B}.Debug|Any CPU.ActiveCfg = Debug|Any CPU
		{19B8532D-AF56-46FC-86D6-05A4D93C1B7B}.Debug|Any CPU.Build.0 = Debug|Any CPU
		{19B8532D-AF56-46FC-86D6-05A4D93C1B7B}.Release|Any CPU.ActiveCfg = Release|Any CPU
		{19B8532D-AF56-46FC-86D6-05A4D93C1B7B}.Release|Any CPU.Build.0 = Release|Any CPU
		{05A46BE6-A86C-4B2D-97AE-987207F0633D}.Debug|Any CPU.ActiveCfg = Debug|Any CPU
		{05A46BE6-A86C-4B2D-97AE-987207F0633D}.Debug|Any CPU.Build.0 = Debug|Any CPU
		{05A46BE6-A86C-4B2D-97AE-987207F0633D}.Release|Any CPU.ActiveCfg = Release|Any CPU
		{05A46BE6-A86C-4B2D-97AE-987207F0633D}.Release|Any CPU.Build.0 = Release|Any CPU
		{02C824DE-C0DE-43DA-A28A-39998AF25A0B}.Debug|Any CPU.ActiveCfg = Debug|Any CPU
		{02C824DE-C0DE-43DA-A28A-39998AF25A0B}.Debug|Any CPU.Build.0 = Debug|Any CPU
		{02C824DE-C0DE-43DA-A28A-39998AF25A0B}.Release|Any CPU.ActiveCfg = Release|Any CPU
		{02C824DE-C0DE-43DA-A28A-39998AF25A0B}.Release|Any CPU.Build.0 = Release|Any CPU
		{8CCD11A6-38BF-4683-9CE1-D5FD6814621E}.Debug|Any CPU.ActiveCfg = Debug|Any CPU
		{8CCD11A6-38BF-4683-9CE1-D5FD6814621E}.Debug|Any CPU.Build.0 = Debug|Any CPU
		{8CCD11A6-38BF-4683-9CE1-D5FD6814621E}.Release|Any CPU.ActiveCfg = Release|Any CPU
		{8CCD11A6-38BF-4683-9CE1-D5FD6814621E}.Release|Any CPU.Build.0 = Release|Any CPU
		{2ECB27F7-11E3-4381-AC3B-8B2E2D0A8F5A}.Debug|Any CPU.ActiveCfg = Debug|Any CPU
		{2ECB27F7-11E3-4381-AC3B-8B2E2D0A8F5A}.Debug|Any CPU.Build.0 = Debug|Any CPU
		{2ECB27F7-11E3-4381-AC3B-8B2E2D0A8F5A}.Release|Any CPU.ActiveCfg = Release|Any CPU
		{2ECB27F7-11E3-4381-AC3B-8B2E2D0A8F5A}.Release|Any CPU.Build.0 = Release|Any CPU
		{30994B31-AE70-4CD9-8E84-ECDEA3AEE1F5}.Debug|Any CPU.ActiveCfg = Debug|Any CPU
		{30994B31-AE70-4CD9-8E84-ECDEA3AEE1F5}.Debug|Any CPU.Build.0 = Debug|Any CPU
		{30994B31-AE70-4CD9-8E84-ECDEA3AEE1F5}.Release|Any CPU.ActiveCfg = Release|Any CPU
		{30994B31-AE70-4CD9-8E84-ECDEA3AEE1F5}.Release|Any CPU.Build.0 = Release|Any CPU
		{44F56268-522C-40CB-91A3-687CE7D91E65}.Debug|Any CPU.ActiveCfg = Debug|Any CPU
		{44F56268-522C-40CB-91A3-687CE7D91E65}.Debug|Any CPU.Build.0 = Debug|Any CPU
		{44F56268-522C-40CB-91A3-687CE7D91E65}.Release|Any CPU.ActiveCfg = Release|Any CPU
		{44F56268-522C-40CB-91A3-687CE7D91E65}.Release|Any CPU.Build.0 = Release|Any CPU
		{FD7EF48D-420B-4BCF-8ED1-F65A39552DC7}.Debug|Any CPU.ActiveCfg = Debug|Any CPU
		{FD7EF48D-420B-4BCF-8ED1-F65A39552DC7}.Debug|Any CPU.Build.0 = Debug|Any CPU
		{FD7EF48D-420B-4BCF-8ED1-F65A39552DC7}.Release|Any CPU.ActiveCfg = Release|Any CPU
		{FD7EF48D-420B-4BCF-8ED1-F65A39552DC7}.Release|Any CPU.Build.0 = Release|Any CPU
		{B11B94B7-8F50-4F43-905D-ED5A84C4AFD1}.Debug|Any CPU.ActiveCfg = Debug|Any CPU
		{B11B94B7-8F50-4F43-905D-ED5A84C4AFD1}.Debug|Any CPU.Build.0 = Debug|Any CPU
		{B11B94B7-8F50-4F43-905D-ED5A84C4AFD1}.Release|Any CPU.ActiveCfg = Release|Any CPU
		{B11B94B7-8F50-4F43-905D-ED5A84C4AFD1}.Release|Any CPU.Build.0 = Release|Any CPU
		{94C3373E-5F00-436E-9AAB-CF221D35CE4C}.Debug|Any CPU.ActiveCfg = Debug|Any CPU
		{94C3373E-5F00-436E-9AAB-CF221D35CE4C}.Debug|Any CPU.Build.0 = Debug|Any CPU
		{94C3373E-5F00-436E-9AAB-CF221D35CE4C}.Release|Any CPU.ActiveCfg = Release|Any CPU
		{94C3373E-5F00-436E-9AAB-CF221D35CE4C}.Release|Any CPU.Build.0 = Release|Any CPU
		{269C0CD5-CB56-421C-B88D-C4B2368AB838}.Debug|Any CPU.ActiveCfg = Debug|Any CPU
		{269C0CD5-CB56-421C-B88D-C4B2368AB838}.Debug|Any CPU.Build.0 = Debug|Any CPU
		{269C0CD5-CB56-421C-B88D-C4B2368AB838}.Release|Any CPU.ActiveCfg = Release|Any CPU
		{269C0CD5-CB56-421C-B88D-C4B2368AB838}.Release|Any CPU.Build.0 = Release|Any CPU
		{BFE5FD6A-1D19-4545-96F4-3D2E3E2DC607}.Debug|Any CPU.ActiveCfg = Debug|Any CPU
		{BFE5FD6A-1D19-4545-96F4-3D2E3E2DC607}.Debug|Any CPU.Build.0 = Debug|Any CPU
		{BFE5FD6A-1D19-4545-96F4-3D2E3E2DC607}.Release|Any CPU.ActiveCfg = Release|Any CPU
		{BFE5FD6A-1D19-4545-96F4-3D2E3E2DC607}.Release|Any CPU.Build.0 = Release|Any CPU
	EndGlobalSection
	GlobalSection(SolutionProperties) = preSolution
		HideSolutionNode = FALSE
	EndGlobalSection
	GlobalSection(NestedProjects) = preSolution
		{19B8532D-AF56-46FC-86D6-05A4D93C1B7B} = {469B0444-7795-4C86-A315-39322EE71CE2}
		{05A46BE6-A86C-4B2D-97AE-987207F0633D} = {E30CB37E-EADF-4FA5-A53A-D67406591692}
		{02C824DE-C0DE-43DA-A28A-39998AF25A0B} = {469B0444-7795-4C86-A315-39322EE71CE2}
		{8CCD11A6-38BF-4683-9CE1-D5FD6814621E} = {469B0444-7795-4C86-A315-39322EE71CE2}
		{2ECB27F7-11E3-4381-AC3B-8B2E2D0A8F5A} = {E0EE1582-7A21-4FBF-B8DB-715BC9A40C1E}
		{30994B31-AE70-4CD9-8E84-ECDEA3AEE1F5} = {E0EE1582-7A21-4FBF-B8DB-715BC9A40C1E}
		{44F56268-522C-40CB-91A3-687CE7D91E65} = {E0EE1582-7A21-4FBF-B8DB-715BC9A40C1E}
		{FD7EF48D-420B-4BCF-8ED1-F65A39552DC7} = {E30CB37E-EADF-4FA5-A53A-D67406591692}
		{B11B94B7-8F50-4F43-905D-ED5A84C4AFD1} = {E30CB37E-EADF-4FA5-A53A-D67406591692}
	EndGlobalSection
	GlobalSection(ExtensibilityGlobals) = postSolution
		SolutionGuid = {02812EE1-F36A-451A-B0C6-DC5691FE5C75}
	EndGlobalSection
EndGlobal
